// !$*UTF8*$!
{
	archiveVersion = 1;
	classes = {
	};
	objectVersion = 50;
	objects = {

/* Begin PBXBuildFile section */
		53543D23244B77BA000DCE52 /* AppDelegate.swift in Sources */ = {isa = PBXBuildFile; fileRef = 53543D22244B77BA000DCE52 /* AppDelegate.swift */; };
		53543D25244B77BA000DCE52 /* SceneDelegate.swift in Sources */ = {isa = PBXBuildFile; fileRef = 53543D24244B77BA000DCE52 /* SceneDelegate.swift */; };
		53543D2A244B77BA000DCE52 /* Main.storyboard in Resources */ = {isa = PBXBuildFile; fileRef = 53543D28244B77BA000DCE52 /* Main.storyboard */; };
		53543D2C244B77BD000DCE52 /* Assets.xcassets in Resources */ = {isa = PBXBuildFile; fileRef = 53543D2B244B77BD000DCE52 /* Assets.xcassets */; };
		53543D2F244B77BD000DCE52 /* LaunchScreen.storyboard in Resources */ = {isa = PBXBuildFile; fileRef = 53543D2D244B77BD000DCE52 /* LaunchScreen.storyboard */; };
		53543D3A244B77BD000DCE52 /* pocTests.swift in Sources */ = {isa = PBXBuildFile; fileRef = 53543D39244B77BD000DCE52 /* pocTests.swift */; };
		53543D4C244B7E0D000DCE52 /* BaseViewController.swift in Sources */ = {isa = PBXBuildFile; fileRef = 53543D4B244B7E0D000DCE52 /* BaseViewController.swift */; };
		53543D4E244B81B0000DCE52 /* Storyboarded.swift in Sources */ = {isa = PBXBuildFile; fileRef = 53543D4D244B81B0000DCE52 /* Storyboarded.swift */; };
		53543D51244B839B000DCE52 /* Coordinator.swift in Sources */ = {isa = PBXBuildFile; fileRef = 53543D50244B839B000DCE52 /* Coordinator.swift */; };
		53543D53244B843A000DCE52 /* MainCoordinator.swift in Sources */ = {isa = PBXBuildFile; fileRef = 53543D52244B843A000DCE52 /* MainCoordinator.swift */; };
		53543D55244B893D000DCE52 /* LoginViewController.swift in Sources */ = {isa = PBXBuildFile; fileRef = 53543D54244B893D000DCE52 /* LoginViewController.swift */; };
		53543D5B244B9813000DCE52 /* LoginCoordinator.swift in Sources */ = {isa = PBXBuildFile; fileRef = 53543D5A244B9813000DCE52 /* LoginCoordinator.swift */; };
		53543D5D244B9831000DCE52 /* HomeCoordinator.swift in Sources */ = {isa = PBXBuildFile; fileRef = 53543D5C244B9831000DCE52 /* HomeCoordinator.swift */; };
		53543D5F244B9840000DCE52 /* HealthCoordinator.swift in Sources */ = {isa = PBXBuildFile; fileRef = 53543D5E244B9840000DCE52 /* HealthCoordinator.swift */; };
		53543D61244BA5AD000DCE52 /* HealthViewController.swift in Sources */ = {isa = PBXBuildFile; fileRef = 53543D60244BA5AD000DCE52 /* HealthViewController.swift */; };
		53543D63244BA5B6000DCE52 /* HomeViewController.swift in Sources */ = {isa = PBXBuildFile; fileRef = 53543D62244BA5B6000DCE52 /* HomeViewController.swift */; };
		53543D66244BB56D000DCE52 /* SlideInTransition.swift in Sources */ = {isa = PBXBuildFile; fileRef = 53543D65244BB56D000DCE52 /* SlideInTransition.swift */; };
		53543D6C244BE4E1000DCE52 /* MenuTableViewController.swift in Sources */ = {isa = PBXBuildFile; fileRef = 53543D6B244BE4E1000DCE52 /* MenuTableViewController.swift */; };
		5369291B244BEBF400CED812 /* menuItems.json in Resources */ = {isa = PBXBuildFile; fileRef = 5369291A244BEBF400CED812 /* menuItems.json */; };
		5369291D244BEC2B00CED812 /* Localizable.strings in Resources */ = {isa = PBXBuildFile; fileRef = 5369291C244BEC2B00CED812 /* Localizable.strings */; };
		53692920244BEE6600CED812 /* Menu.swift in Sources */ = {isa = PBXBuildFile; fileRef = 5369291F244BEE6600CED812 /* Menu.swift */; };
		53692922244BF0DE00CED812 /* fetchMenu.swift in Sources */ = {isa = PBXBuildFile; fileRef = 53692921244BF0DE00CED812 /* fetchMenu.swift */; };
		53692924244BF89F00CED812 /* MenuItemCell.swift in Sources */ = {isa = PBXBuildFile; fileRef = 53692923244BF89F00CED812 /* MenuItemCell.swift */; };
		53692928244CC88300CED812 /* MenuCoordinator.swift in Sources */ = {isa = PBXBuildFile; fileRef = 53692927244CC88300CED812 /* MenuCoordinator.swift */; };
		53A7CAB1244ED0000008E61E /* headerCell.swift in Sources */ = {isa = PBXBuildFile; fileRef = 53A7CAB0244ED0000008E61E /* headerCell.swift */; };
/* End PBXBuildFile section */

/* Begin PBXContainerItemProxy section */
		53543D36244B77BD000DCE52 /* PBXContainerItemProxy */ = {
			isa = PBXContainerItemProxy;
			containerPortal = 53543D17244B77BA000DCE52 /* Project object */;
			proxyType = 1;
			remoteGlobalIDString = 53543D1E244B77BA000DCE52;
			remoteInfo = poc;
		};
/* End PBXContainerItemProxy section */

/* Begin PBXFileReference section */
		53543D1F244B77BA000DCE52 /* poc.app */ = {isa = PBXFileReference; explicitFileType = wrapper.application; includeInIndex = 0; path = poc.app; sourceTree = BUILT_PRODUCTS_DIR; };
		53543D22244B77BA000DCE52 /* AppDelegate.swift */ = {isa = PBXFileReference; lastKnownFileType = sourcecode.swift; path = AppDelegate.swift; sourceTree = "<group>"; };
		53543D24244B77BA000DCE52 /* SceneDelegate.swift */ = {isa = PBXFileReference; lastKnownFileType = sourcecode.swift; path = SceneDelegate.swift; sourceTree = "<group>"; };
		53543D29244B77BA000DCE52 /* Base */ = {isa = PBXFileReference; lastKnownFileType = file.storyboard; name = Base; path = Base.lproj/Main.storyboard; sourceTree = "<group>"; };
		53543D2B244B77BD000DCE52 /* Assets.xcassets */ = {isa = PBXFileReference; lastKnownFileType = folder.assetcatalog; path = Assets.xcassets; sourceTree = "<group>"; };
		53543D2E244B77BD000DCE52 /* Base */ = {isa = PBXFileReference; lastKnownFileType = file.storyboard; name = Base; path = Base.lproj/LaunchScreen.storyboard; sourceTree = "<group>"; };
		53543D30244B77BD000DCE52 /* Info.plist */ = {isa = PBXFileReference; lastKnownFileType = text.plist.xml; path = Info.plist; sourceTree = "<group>"; };
		53543D35244B77BD000DCE52 /* pocTests.xctest */ = {isa = PBXFileReference; explicitFileType = wrapper.cfbundle; includeInIndex = 0; path = pocTests.xctest; sourceTree = BUILT_PRODUCTS_DIR; };
		53543D39244B77BD000DCE52 /* pocTests.swift */ = {isa = PBXFileReference; lastKnownFileType = sourcecode.swift; path = pocTests.swift; sourceTree = "<group>"; };
		53543D3B244B77BD000DCE52 /* Info.plist */ = {isa = PBXFileReference; lastKnownFileType = text.plist.xml; path = Info.plist; sourceTree = "<group>"; };
		53543D4B244B7E0D000DCE52 /* BaseViewController.swift */ = {isa = PBXFileReference; lastKnownFileType = sourcecode.swift; path = BaseViewController.swift; sourceTree = "<group>"; };
		53543D4D244B81B0000DCE52 /* Storyboarded.swift */ = {isa = PBXFileReference; lastKnownFileType = sourcecode.swift; path = Storyboarded.swift; sourceTree = "<group>"; };
		53543D50244B839B000DCE52 /* Coordinator.swift */ = {isa = PBXFileReference; lastKnownFileType = sourcecode.swift; path = Coordinator.swift; sourceTree = "<group>"; };
		53543D52244B843A000DCE52 /* MainCoordinator.swift */ = {isa = PBXFileReference; lastKnownFileType = sourcecode.swift; path = MainCoordinator.swift; sourceTree = "<group>"; };
		53543D54244B893D000DCE52 /* LoginViewController.swift */ = {isa = PBXFileReference; lastKnownFileType = sourcecode.swift; path = LoginViewController.swift; sourceTree = "<group>"; };
		53543D5A244B9813000DCE52 /* LoginCoordinator.swift */ = {isa = PBXFileReference; lastKnownFileType = sourcecode.swift; path = LoginCoordinator.swift; sourceTree = "<group>"; };
		53543D5C244B9831000DCE52 /* HomeCoordinator.swift */ = {isa = PBXFileReference; lastKnownFileType = sourcecode.swift; path = HomeCoordinator.swift; sourceTree = "<group>"; };
		53543D5E244B9840000DCE52 /* HealthCoordinator.swift */ = {isa = PBXFileReference; lastKnownFileType = sourcecode.swift; path = HealthCoordinator.swift; sourceTree = "<group>"; };
		53543D60244BA5AD000DCE52 /* HealthViewController.swift */ = {isa = PBXFileReference; lastKnownFileType = sourcecode.swift; path = HealthViewController.swift; sourceTree = "<group>"; };
		53543D62244BA5B6000DCE52 /* HomeViewController.swift */ = {isa = PBXFileReference; lastKnownFileType = sourcecode.swift; path = HomeViewController.swift; sourceTree = "<group>"; };
		53543D65244BB56D000DCE52 /* SlideInTransition.swift */ = {isa = PBXFileReference; lastKnownFileType = sourcecode.swift; path = SlideInTransition.swift; sourceTree = "<group>"; };
		53543D6B244BE4E1000DCE52 /* MenuTableViewController.swift */ = {isa = PBXFileReference; lastKnownFileType = sourcecode.swift; path = MenuTableViewController.swift; sourceTree = "<group>"; };
		5369291A244BEBF400CED812 /* menuItems.json */ = {isa = PBXFileReference; lastKnownFileType = text.json; path = menuItems.json; sourceTree = "<group>"; };
		5369291C244BEC2B00CED812 /* Localizable.strings */ = {isa = PBXFileReference; lastKnownFileType = text.plist.strings; path = Localizable.strings; sourceTree = "<group>"; };
		5369291F244BEE6600CED812 /* Menu.swift */ = {isa = PBXFileReference; lastKnownFileType = sourcecode.swift; path = Menu.swift; sourceTree = "<group>"; };
		53692921244BF0DE00CED812 /* fetchMenu.swift */ = {isa = PBXFileReference; lastKnownFileType = sourcecode.swift; path = fetchMenu.swift; sourceTree = "<group>"; };
		53692923244BF89F00CED812 /* MenuItemCell.swift */ = {isa = PBXFileReference; lastKnownFileType = sourcecode.swift; path = MenuItemCell.swift; sourceTree = "<group>"; };
		53692927244CC88300CED812 /* MenuCoordinator.swift */ = {isa = PBXFileReference; lastKnownFileType = sourcecode.swift; path = MenuCoordinator.swift; sourceTree = "<group>"; };
		53A7CAB0244ED0000008E61E /* headerCell.swift */ = {isa = PBXFileReference; lastKnownFileType = sourcecode.swift; path = headerCell.swift; sourceTree = "<group>"; };
/* End PBXFileReference section */

/* Begin PBXFrameworksBuildPhase section */
		53543D1C244B77BA000DCE52 /* Frameworks */ = {
			isa = PBXFrameworksBuildPhase;
			buildActionMask = 2147483647;
			files = (
			);
			runOnlyForDeploymentPostprocessing = 0;
		};
		53543D32244B77BD000DCE52 /* Frameworks */ = {
			isa = PBXFrameworksBuildPhase;
			buildActionMask = 2147483647;
			files = (
			);
			runOnlyForDeploymentPostprocessing = 0;
		};
/* End PBXFrameworksBuildPhase section */

/* Begin PBXGroup section */
		53543D16244B77BA000DCE52 = {
			isa = PBXGroup;
			children = (
				53543D21244B77BA000DCE52 /* poc */,
				53543D38244B77BD000DCE52 /* pocTests */,
				53543D20244B77BA000DCE52 /* Products */,
			);
			sourceTree = "<group>";
		};
		53543D20244B77BA000DCE52 /* Products */ = {
			isa = PBXGroup;
			children = (
				53543D1F244B77BA000DCE52 /* poc.app */,
				53543D35244B77BD000DCE52 /* pocTests.xctest */,
			);
			name = Products;
			sourceTree = "<group>";
		};
		53543D21244B77BA000DCE52 /* poc */ = {
			isa = PBXGroup;
			children = (
				5369291E244BEE5D00CED812 /* Models */,
				53543D64244BB55A000DCE52 /* Utils */,
				53543D48244B7D24000DCE52 /* Protocols */,
				53543D47244B7CD7000DCE52 /* Services */,
				53543D46244B7CB0000DCE52 /* Scene */,
				53543D44244B7C97000DCE52 /* Main */,
				53692919244BEBA300CED812 /* Configuration */,
				53543D30244B77BD000DCE52 /* Info.plist */,
				53543D45244B7CAA000DCE52 /* Resources */,
			);
			path = poc;
			sourceTree = "<group>";
		};
		53543D38244B77BD000DCE52 /* pocTests */ = {
			isa = PBXGroup;
			children = (
				53543D39244B77BD000DCE52 /* pocTests.swift */,
				53543D3B244B77BD000DCE52 /* Info.plist */,
			);
			path = pocTests;
			sourceTree = "<group>";
		};
		53543D44244B7C97000DCE52 /* Main */ = {
			isa = PBXGroup;
			children = (
				53543D22244B77BA000DCE52 /* AppDelegate.swift */,
				53543D24244B77BA000DCE52 /* SceneDelegate.swift */,
				53543D4B244B7E0D000DCE52 /* BaseViewController.swift */,
				53543D52244B843A000DCE52 /* MainCoordinator.swift */,
				53543D28244B77BA000DCE52 /* Main.storyboard */,
			);
			path = Main;
			sourceTree = "<group>";
		};
		53543D45244B7CAA000DCE52 /* Resources */ = {
			isa = PBXGroup;
			children = (
				53543D2B244B77BD000DCE52 /* Assets.xcassets */,
				53543D2D244B77BD000DCE52 /* LaunchScreen.storyboard */,
				5369291C244BEC2B00CED812 /* Localizable.strings */,
			);
			path = Resources;
			sourceTree = "<group>";
		};
		53543D46244B7CB0000DCE52 /* Scene */ = {
			isa = PBXGroup;
			children = (
				53543D59244B97CE000DCE52 /* Navigation */,
				53543D49244B7D4D000DCE52 /* ViewControllers */,
				53543D4A244B7D5A000DCE52 /* Views */,
			);
			path = Scene;
			sourceTree = "<group>";
		};
		53543D47244B7CD7000DCE52 /* Services */ = {
			isa = PBXGroup;
			children = (
				53692921244BF0DE00CED812 /* fetchMenu.swift */,
			);
			path = Services;
			sourceTree = "<group>";
		};
		53543D48244B7D24000DCE52 /* Protocols */ = {
			isa = PBXGroup;
			children = (
				53543D4F244B8386000DCE52 /* Navigation */,
			);
			path = Protocols;
			sourceTree = "<group>";
		};
		53543D49244B7D4D000DCE52 /* ViewControllers */ = {
			isa = PBXGroup;
			children = (
				53543D54244B893D000DCE52 /* LoginViewController.swift */,
				53543D60244BA5AD000DCE52 /* HealthViewController.swift */,
				53543D62244BA5B6000DCE52 /* HomeViewController.swift */,
				53543D6B244BE4E1000DCE52 /* MenuTableViewController.swift */,
			);
			path = ViewControllers;
			sourceTree = "<group>";
		};
		53543D4A244B7D5A000DCE52 /* Views */ = {
			isa = PBXGroup;
			children = (
				53692923244BF89F00CED812 /* MenuItemCell.swift */,
				53A7CAB0244ED0000008E61E /* headerCell.swift */,
			);
			path = Views;
			sourceTree = "<group>";
		};
		53543D4F244B8386000DCE52 /* Navigation */ = {
			isa = PBXGroup;
			children = (
				53543D4D244B81B0000DCE52 /* Storyboarded.swift */,
				53543D50244B839B000DCE52 /* Coordinator.swift */,
			);
			path = Navigation;
			sourceTree = "<group>";
		};
		53543D59244B97CE000DCE52 /* Navigation */ = {
			isa = PBXGroup;
			children = (
				53543D5A244B9813000DCE52 /* LoginCoordinator.swift */,
				53543D5C244B9831000DCE52 /* HomeCoordinator.swift */,
				53543D5E244B9840000DCE52 /* HealthCoordinator.swift */,
				53692927244CC88300CED812 /* MenuCoordinator.swift */,
			);
			path = Navigation;
			sourceTree = "<group>";
		};
		53543D64244BB55A000DCE52 /* Utils */ = {
			isa = PBXGroup;
			children = (
				53543D65244BB56D000DCE52 /* SlideInTransition.swift */,
			);
			path = Utils;
			sourceTree = "<group>";
		};
		53692919244BEBA300CED812 /* Configuration */ = {
			isa = PBXGroup;
			children = (
				5369291A244BEBF400CED812 /* menuItems.json */,
			);
			path = Configuration;
			sourceTree = "<group>";
		};
		5369291E244BEE5D00CED812 /* Models */ = {
			isa = PBXGroup;
			children = (
				5369291F244BEE6600CED812 /* Menu.swift */,
			);
			path = Models;
			sourceTree = "<group>";
		};
/* End PBXGroup section */

/* Begin PBXNativeTarget section */
		53543D1E244B77BA000DCE52 /* poc */ = {
			isa = PBXNativeTarget;
			buildConfigurationList = 53543D3E244B77BD000DCE52 /* Build configuration list for PBXNativeTarget "poc" */;
			buildPhases = (
				53543D1B244B77BA000DCE52 /* Sources */,
				53543D1C244B77BA000DCE52 /* Frameworks */,
				53543D1D244B77BA000DCE52 /* Resources */,
			);
			buildRules = (
			);
			dependencies = (
			);
			name = poc;
			productName = poc;
			productReference = 53543D1F244B77BA000DCE52 /* poc.app */;
			productType = "com.apple.product-type.application";
		};
		53543D34244B77BD000DCE52 /* pocTests */ = {
			isa = PBXNativeTarget;
			buildConfigurationList = 53543D41244B77BD000DCE52 /* Build configuration list for PBXNativeTarget "pocTests" */;
			buildPhases = (
				53543D31244B77BD000DCE52 /* Sources */,
				53543D32244B77BD000DCE52 /* Frameworks */,
				53543D33244B77BD000DCE52 /* Resources */,
			);
			buildRules = (
			);
			dependencies = (
				53543D37244B77BD000DCE52 /* PBXTargetDependency */,
			);
			name = pocTests;
			productName = pocTests;
			productReference = 53543D35244B77BD000DCE52 /* pocTests.xctest */;
			productType = "com.apple.product-type.bundle.unit-test";
		};
/* End PBXNativeTarget section */

/* Begin PBXProject section */
		53543D17244B77BA000DCE52 /* Project object */ = {
			isa = PBXProject;
			attributes = {
				LastSwiftUpdateCheck = 1130;
				LastUpgradeCheck = 1130;
				ORGANIZATIONNAME = Salaheddine;
				TargetAttributes = {
					53543D1E244B77BA000DCE52 = {
						CreatedOnToolsVersion = 11.3.1;
					};
					53543D34244B77BD000DCE52 = {
						CreatedOnToolsVersion = 11.3.1;
						TestTargetID = 53543D1E244B77BA000DCE52;
					};
				};
			};
			buildConfigurationList = 53543D1A244B77BA000DCE52 /* Build configuration list for PBXProject "poc" */;
			compatibilityVersion = "Xcode 9.3";
			developmentRegion = en;
			hasScannedForEncodings = 0;
			knownRegions = (
				en,
				Base,
			);
			mainGroup = 53543D16244B77BA000DCE52;
			productRefGroup = 53543D20244B77BA000DCE52 /* Products */;
			projectDirPath = "";
			projectRoot = "";
			targets = (
				53543D1E244B77BA000DCE52 /* poc */,
				53543D34244B77BD000DCE52 /* pocTests */,
			);
		};
/* End PBXProject section */

/* Begin PBXResourcesBuildPhase section */
		53543D1D244B77BA000DCE52 /* Resources */ = {
			isa = PBXResourcesBuildPhase;
			buildActionMask = 2147483647;
			files = (
				5369291D244BEC2B00CED812 /* Localizable.strings in Resources */,
				53543D2F244B77BD000DCE52 /* LaunchScreen.storyboard in Resources */,
				5369291B244BEBF400CED812 /* menuItems.json in Resources */,
				53543D2C244B77BD000DCE52 /* Assets.xcassets in Resources */,
				53543D2A244B77BA000DCE52 /* Main.storyboard in Resources */,
			);
			runOnlyForDeploymentPostprocessing = 0;
		};
		53543D33244B77BD000DCE52 /* Resources */ = {
			isa = PBXResourcesBuildPhase;
			buildActionMask = 2147483647;
			files = (
			);
			runOnlyForDeploymentPostprocessing = 0;
		};
/* End PBXResourcesBuildPhase section */

/* Begin PBXSourcesBuildPhase section */
		53543D1B244B77BA000DCE52 /* Sources */ = {
			isa = PBXSourcesBuildPhase;
			buildActionMask = 2147483647;
			files = (
				53543D55244B893D000DCE52 /* LoginViewController.swift in Sources */,
				53543D66244BB56D000DCE52 /* SlideInTransition.swift in Sources */,
				53543D6C244BE4E1000DCE52 /* MenuTableViewController.swift in Sources */,
				53543D23244B77BA000DCE52 /* AppDelegate.swift in Sources */,
				53543D5D244B9831000DCE52 /* HomeCoordinator.swift in Sources */,
				53692924244BF89F00CED812 /* MenuItemCell.swift in Sources */,
				53543D53244B843A000DCE52 /* MainCoordinator.swift in Sources */,
				53543D25244B77BA000DCE52 /* SceneDelegate.swift in Sources */,
				53A7CAB1244ED0000008E61E /* headerCell.swift in Sources */,
				53543D51244B839B000DCE52 /* Coordinator.swift in Sources */,
				53543D5F244B9840000DCE52 /* HealthCoordinator.swift in Sources */,
				53692920244BEE6600CED812 /* Menu.swift in Sources */,
				53543D61244BA5AD000DCE52 /* HealthViewController.swift in Sources */,
				53692928244CC88300CED812 /* MenuCoordinator.swift in Sources */,
				53543D4C244B7E0D000DCE52 /* BaseViewController.swift in Sources */,
				53543D5B244B9813000DCE52 /* LoginCoordinator.swift in Sources */,
				53543D4E244B81B0000DCE52 /* Storyboarded.swift in Sources */,
				53543D63244BA5B6000DCE52 /* HomeViewController.swift in Sources */,
				53692922244BF0DE00CED812 /* fetchMenu.swift in Sources */,
			);
			runOnlyForDeploymentPostprocessing = 0;
		};
		53543D31244B77BD000DCE52 /* Sources */ = {
			isa = PBXSourcesBuildPhase;
			buildActionMask = 2147483647;
			files = (
				53543D3A244B77BD000DCE52 /* pocTests.swift in Sources */,
			);
			runOnlyForDeploymentPostprocessing = 0;
		};
/* End PBXSourcesBuildPhase section */

/* Begin PBXTargetDependency section */
		53543D37244B77BD000DCE52 /* PBXTargetDependency */ = {
			isa = PBXTargetDependency;
			target = 53543D1E244B77BA000DCE52 /* poc */;
			targetProxy = 53543D36244B77BD000DCE52 /* PBXContainerItemProxy */;
		};
/* End PBXTargetDependency section */

/* Begin PBXVariantGroup section */
		53543D28244B77BA000DCE52 /* Main.storyboard */ = {
			isa = PBXVariantGroup;
			children = (
				53543D29244B77BA000DCE52 /* Base */,
			);
			name = Main.storyboard;
			sourceTree = "<group>";
		};
		53543D2D244B77BD000DCE52 /* LaunchScreen.storyboard */ = {
			isa = PBXVariantGroup;
			children = (
				53543D2E244B77BD000DCE52 /* Base */,
			);
			name = LaunchScreen.storyboard;
			sourceTree = "<group>";
		};
/* End PBXVariantGroup section */

/* Begin XCBuildConfiguration section */
		53543D3C244B77BD000DCE52 /* Debug */ = {
			isa = XCBuildConfiguration;
			buildSettings = {
				ALWAYS_SEARCH_USER_PATHS = NO;
				CLANG_ANALYZER_NONNULL = YES;
				CLANG_ANALYZER_NUMBER_OBJECT_CONVERSION = YES_AGGRESSIVE;
				CLANG_CXX_LANGUAGE_STANDARD = "gnu++14";
				CLANG_CXX_LIBRARY = "libc++";
				CLANG_ENABLE_MODULES = YES;
				CLANG_ENABLE_OBJC_ARC = YES;
				CLANG_ENABLE_OBJC_WEAK = YES;
				CLANG_WARN_BLOCK_CAPTURE_AUTORELEASING = YES;
				CLANG_WARN_BOOL_CONVERSION = YES;
				CLANG_WARN_COMMA = YES;
				CLANG_WARN_CONSTANT_CONVERSION = YES;
				CLANG_WARN_DEPRECATED_OBJC_IMPLEMENTATIONS = YES;
				CLANG_WARN_DIRECT_OBJC_ISA_USAGE = YES_ERROR;
				CLANG_WARN_DOCUMENTATION_COMMENTS = YES;
				CLANG_WARN_EMPTY_BODY = YES;
				CLANG_WARN_ENUM_CONVERSION = YES;
				CLANG_WARN_INFINITE_RECURSION = YES;
				CLANG_WARN_INT_CONVERSION = YES;
				CLANG_WARN_NON_LITERAL_NULL_CONVERSION = YES;
				CLANG_WARN_OBJC_IMPLICIT_RETAIN_SELF = YES;
				CLANG_WARN_OBJC_LITERAL_CONVERSION = YES;
				CLANG_WARN_OBJC_ROOT_CLASS = YES_ERROR;
				CLANG_WARN_RANGE_LOOP_ANALYSIS = YES;
				CLANG_WARN_STRICT_PROTOTYPES = YES;
				CLANG_WARN_SUSPICIOUS_MOVE = YES;
				CLANG_WARN_UNGUARDED_AVAILABILITY = YES_AGGRESSIVE;
				CLANG_WARN_UNREACHABLE_CODE = YES;
				CLANG_WARN__DUPLICATE_METHOD_MATCH = YES;
				COPY_PHASE_STRIP = NO;
				DEBUG_INFORMATION_FORMAT = dwarf;
				ENABLE_STRICT_OBJC_MSGSEND = YES;
				ENABLE_TESTABILITY = YES;
				GCC_C_LANGUAGE_STANDARD = gnu11;
				GCC_DYNAMIC_NO_PIC = NO;
				GCC_NO_COMMON_BLOCKS = YES;
				GCC_OPTIMIZATION_LEVEL = 0;
				GCC_PREPROCESSOR_DEFINITIONS = (
					"DEBUG=1",
					"$(inherited)",
				);
				GCC_WARN_64_TO_32_BIT_CONVERSION = YES;
				GCC_WARN_ABOUT_RETURN_TYPE = YES_ERROR;
				GCC_WARN_UNDECLARED_SELECTOR = YES;
				GCC_WARN_UNINITIALIZED_AUTOS = YES_AGGRESSIVE;
				GCC_WARN_UNUSED_FUNCTION = YES;
				GCC_WARN_UNUSED_VARIABLE = YES;
				IPHONEOS_DEPLOYMENT_TARGET = 13.2;
				MTL_ENABLE_DEBUG_INFO = INCLUDE_SOURCE;
				MTL_FAST_MATH = YES;
				ONLY_ACTIVE_ARCH = YES;
				SDKROOT = iphoneos;
				SWIFT_ACTIVE_COMPILATION_CONDITIONS = DEBUG;
				SWIFT_OPTIMIZATION_LEVEL = "-Onone";
			};
			name = Debug;
		};
		53543D3D244B77BD000DCE52 /* Release */ = {
			isa = XCBuildConfiguration;
			buildSettings = {
				ALWAYS_SEARCH_USER_PATHS = NO;
				CLANG_ANALYZER_NONNULL = YES;
				CLANG_ANALYZER_NUMBER_OBJECT_CONVERSION = YES_AGGRESSIVE;
				CLANG_CXX_LANGUAGE_STANDARD = "gnu++14";
				CLANG_CXX_LIBRARY = "libc++";
				CLANG_ENABLE_MODULES = YES;
				CLANG_ENABLE_OBJC_ARC = YES;
				CLANG_ENABLE_OBJC_WEAK = YES;
				CLANG_WARN_BLOCK_CAPTURE_AUTORELEASING = YES;
				CLANG_WARN_BOOL_CONVERSION = YES;
				CLANG_WARN_COMMA = YES;
				CLANG_WARN_CONSTANT_CONVERSION = YES;
				CLANG_WARN_DEPRECATED_OBJC_IMPLEMENTATIONS = YES;
				CLANG_WARN_DIRECT_OBJC_ISA_USAGE = YES_ERROR;
				CLANG_WARN_DOCUMENTATION_COMMENTS = YES;
				CLANG_WARN_EMPTY_BODY = YES;
				CLANG_WARN_ENUM_CONVERSION = YES;
				CLANG_WARN_INFINITE_RECURSION = YES;
				CLANG_WARN_INT_CONVERSION = YES;
				CLANG_WARN_NON_LITERAL_NULL_CONVERSION = YES;
				CLANG_WARN_OBJC_IMPLICIT_RETAIN_SELF = YES;
				CLANG_WARN_OBJC_LITERAL_CONVERSION = YES;
				CLANG_WARN_OBJC_ROOT_CLASS = YES_ERROR;
				CLANG_WARN_RANGE_LOOP_ANALYSIS = YES;
				CLANG_WARN_STRICT_PROTOTYPES = YES;
				CLANG_WARN_SUSPICIOUS_MOVE = YES;
				CLANG_WARN_UNGUARDED_AVAILABILITY = YES_AGGRESSIVE;
				CLANG_WARN_UNREACHABLE_CODE = YES;
				CLANG_WARN__DUPLICATE_METHOD_MATCH = YES;
				COPY_PHASE_STRIP = NO;
				DEBUG_INFORMATION_FORMAT = "dwarf-with-dsym";
				ENABLE_NS_ASSERTIONS = NO;
				ENABLE_STRICT_OBJC_MSGSEND = YES;
				GCC_C_LANGUAGE_STANDARD = gnu11;
				GCC_NO_COMMON_BLOCKS = YES;
				GCC_WARN_64_TO_32_BIT_CONVERSION = YES;
				GCC_WARN_ABOUT_RETURN_TYPE = YES_ERROR;
				GCC_WARN_UNDECLARED_SELECTOR = YES;
				GCC_WARN_UNINITIALIZED_AUTOS = YES_AGGRESSIVE;
				GCC_WARN_UNUSED_FUNCTION = YES;
				GCC_WARN_UNUSED_VARIABLE = YES;
				IPHONEOS_DEPLOYMENT_TARGET = 13.2;
				MTL_ENABLE_DEBUG_INFO = NO;
				MTL_FAST_MATH = YES;
				SDKROOT = iphoneos;
				SWIFT_COMPILATION_MODE = wholemodule;
				SWIFT_OPTIMIZATION_LEVEL = "-O";
				VALIDATE_PRODUCT = YES;
			};
			name = Release;
		};
		53543D3F244B77BD000DCE52 /* Debug */ = {
			isa = XCBuildConfiguration;
			buildSettings = {
				ASSETCATALOG_COMPILER_APPICON_NAME = AppIcon;
				CODE_SIGN_STYLE = Automatic;
				DEVELOPMENT_TEAM = USQ62A3B6X;
				INFOPLIST_FILE = poc/Info.plist;
				LD_RUNPATH_SEARCH_PATHS = (
					"$(inherited)",
					"@executable_path/Frameworks",
				);
				PRODUCT_BUNDLE_IDENTIFIER = com.salaheddine.poc;
				PRODUCT_NAME = "$(TARGET_NAME)";
				SWIFT_VERSION = 5.0;
				TARGETED_DEVICE_FAMILY = 1;
			};
			name = Debug;
		};
		53543D40244B77BD000DCE52 /* Release */ = {
			isa = XCBuildConfiguration;
			buildSettings = {
				ASSETCATALOG_COMPILER_APPICON_NAME = AppIcon;
				CODE_SIGN_STYLE = Automatic;
				DEVELOPMENT_TEAM = USQ62A3B6X;
				INFOPLIST_FILE = poc/Info.plist;
				LD_RUNPATH_SEARCH_PATHS = (
					"$(inherited)",
					"@executable_path/Frameworks",
				);
				PRODUCT_BUNDLE_IDENTIFIER = com.salaheddine.poc;
				PRODUCT_NAME = "$(TARGET_NAME)";
				SWIFT_VERSION = 5.0;
				TARGETED_DEVICE_FAMILY = 1;
			};
			name = Release;
		};
		53543D42244B77BD000DCE52 /* Debug */ = {
			isa = XCBuildConfiguration;
			buildSettings = {
				ALWAYS_EMBED_SWIFT_STANDARD_LIBRARIES = YES;
				BUNDLE_LOADER = "$(TEST_HOST)";
				CODE_SIGN_STYLE = Automatic;
				DEVELOPMENT_TEAM = USQ62A3B6X;
				INFOPLIST_FILE = pocTests/Info.plist;
				IPHONEOS_DEPLOYMENT_TARGET = 13.2;
				LD_RUNPATH_SEARCH_PATHS = (
					"$(inherited)",
					"@executable_path/Frameworks",
					"@loader_path/Frameworks",
				);
				PRODUCT_BUNDLE_IDENTIFIER = com.salaheddine.pocTests;
				PRODUCT_NAME = "$(TARGET_NAME)";
				SWIFT_VERSION = 5.0;
				TARGETED_DEVICE_FAMILY = "1,2";
				TEST_HOST = "$(BUILT_PRODUCTS_DIR)/poc.app/poc";
			};
			name = Debug;
		};
		53543D43244B77BD000DCE52 /* Release */ = {
			isa = XCBuildConfiguration;
			buildSettings = {
				ALWAYS_EMBED_SWIFT_STANDARD_LIBRARIES = YES;
				BUNDLE_LOADER = "$(TEST_HOST)";
				CODE_SIGN_STYLE = Automatic;
				DEVELOPMENT_TEAM = USQ62A3B6X;
				INFOPLIST_FILE = pocTests/Info.plist;
				IPHONEOS_DEPLOYMENT_TARGET = 13.2;
				LD_RUNPATH_SEARCH_PATHS = (
					"$(inherited)",
					"@executable_path/Frameworks",
					"@loader_path/Frameworks",
				);
				PRODUCT_BUNDLE_IDENTIFIER = com.salaheddine.pocTests;
				PRODUCT_NAME = "$(TARGET_NAME)";
				SWIFT_VERSION = 5.0;
				TARGETED_DEVICE_FAMILY = "1,2";
				TEST_HOST = "$(BUILT_PRODUCTS_DIR)/poc.app/poc";
			};
			name = Release;
		};
/* End XCBuildConfiguration section */

/* Begin XCConfigurationList section */
		53543D1A244B77BA000DCE52 /* Build configuration list for PBXProject "poc" */ = {
			isa = XCConfigurationList;
			buildConfigurations = (
				53543D3C244B77BD000DCE52 /* Debug */,
				53543D3D244B77BD000DCE52 /* Release */,
			);
			defaultConfigurationIsVisible = 0;
			defaultConfigurationName = Release;
		};
		53543D3E244B77BD000DCE52 /* Build configuration list for PBXNativeTarget "poc" */ = {
			isa = XCConfigurationList;
			buildConfigurations = (
				53543D3F244B77BD000DCE52 /* Debug */,
				53543D40244B77BD000DCE52 /* Release */,
			);
			defaultConfigurationIsVisible = 0;
			defaultConfigurationName = Release;
		};
		53543D41244B77BD000DCE52 /* Build configuration list for PBXNativeTarget "pocTests" */ = {
			isa = XCConfigurationList;
			buildConfigurations = (
				53543D42244B77BD000DCE52 /* Debug */,
				53543D43244B77BD000DCE52 /* Release */,
			);
			defaultConfigurationIsVisible = 0;
			defaultConfigurationName = Release;
		};
/* End XCConfigurationList section */
	};
	rootObject = 53543D17244B77BA000DCE52 /* Project object */;
}
