// !$*UTF8*$!
{
	archiveVersion = 1;
	classes = {
	};
	objectVersion = 50;
	objects = {

/* Begin PBXBuildFile section */
		53543D23244B77BA000DCE52 /* AppDelegate.swift in Sources */ = {isa = PBXBuildFile; fileRef = 53543D22244B77BA000DCE52 /* AppDelegate.swift */; };
		53543D25244B77BA000DCE52 /* SceneDelegate.swift in Sources */ = {isa = PBXBuildFile; fileRef = 53543D24244B77BA000DCE52 /* SceneDelegate.swift */; };
		53543D27244B77BA000DCE52 /* ViewController.swift in Sources */ = {isa = PBXBuildFile; fileRef = 53543D26244B77BA000DCE52 /* ViewController.swift */; };
		53543D2A244B77BA000DCE52 /* Main.storyboard in Resources */ = {isa = PBXBuildFile; fileRef = 53543D28244B77BA000DCE52 /* Main.storyboard */; };
		53543D2C244B77BD000DCE52 /* Assets.xcassets in Resources */ = {isa = PBXBuildFile; fileRef = 53543D2B244B77BD000DCE52 /* Assets.xcassets */; };
		53543D2F244B77BD000DCE52 /* LaunchScreen.storyboard in Resources */ = {isa = PBXBuildFile; fileRef = 53543D2D244B77BD000DCE52 /* LaunchScreen.storyboard */; };
		53543D3A244B77BD000DCE52 /* pocTests.swift in Sources */ = {isa = PBXBuildFile; fileRef = 53543D39244B77BD000DCE52 /* pocTests.swift */; };
/* End PBXBuildFile section */

/* Begin PBXContainerItemProxy section */
		53543D36244B77BD000DCE52 /* PBXContainerItemProxy */ = {
			isa = PBXContainerItemProxy;
			containerPortal = 53543D17244B77BA000DCE52 /* Project object */;
			proxyType = 1;
			remoteGlobalIDString = 53543D1E244B77BA000DCE52;
			remoteInfo = poc;
		};
/* End PBXContainerItemProxy section */

/* Begin PBXFileReference section */
		53543D1F244B77BA000DCE52 /* poc.app */ = {isa = PBXFileReference; explicitFileType = wrapper.application; includeInIndex = 0; path = poc.app; sourceTree = BUILT_PRODUCTS_DIR; };
		53543D22244B77BA000DCE52 /* AppDelegate.swift */ = {isa = PBXFileReference; lastKnownFileType = sourcecode.swift; path = AppDelegate.swift; sourceTree = "<group>"; };
		53543D24244B77BA000DCE52 /* SceneDelegate.swift */ = {isa = PBXFileReference; lastKnownFileType = sourcecode.swift; path = SceneDelegate.swift; sourceTree = "<group>"; };
		53543D26244B77BA000DCE52 /* ViewController.swift */ = {isa = PBXFileReference; lastKnownFileType = sourcecode.swift; path = ViewController.swift; sourceTree = "<group>"; };
		53543D29244B77BA000DCE52 /* Base */ = {isa = PBXFileReference; lastKnownFileType = file.storyboard; name = Base; path = Base.lproj/Main.storyboard; sourceTree = "<group>"; };
		53543D2B244B77BD000DCE52 /* Assets.xcassets */ = {isa = PBXFileReference; lastKnownFileType = folder.assetcatalog; path = Assets.xcassets; sourceTree = "<group>"; };
		53543D2E244B77BD000DCE52 /* Base */ = {isa = PBXFileReference; lastKnownFileType = file.storyboard; name = Base; path = Base.lproj/LaunchScreen.storyboard; sourceTree = "<group>"; };
		53543D30244B77BD000DCE52 /* Info.plist */ = {isa = PBXFileReference; lastKnownFileType = text.plist.xml; path = Info.plist; sourceTree = "<group>"; };
		53543D35244B77BD000DCE52 /* pocTests.xctest */ = {isa = PBXFileReference; explicitFileType = wrapper.cfbundle; includeInIndex = 0; path = pocTests.xctest; sourceTree = BUILT_PRODUCTS_DIR; };
		53543D39244B77BD000DCE52 /* pocTests.swift */ = {isa = PBXFileReference; lastKnownFileType = sourcecode.swift; path = pocTests.swift; sourceTree = "<group>"; };
		53543D3B244B77BD000DCE52 /* Info.plist */ = {isa = PBXFileReference; lastKnownFileType = text.plist.xml; path = Info.plist; sourceTree = "<group>"; };
/* End PBXFileReference section */

/* Begin PBXFrameworksBuildPhase section */
		53543D1C244B77BA000DCE52 /* Frameworks */ = {
			isa = PBXFrameworksBuildPhase;
			buildActionMask = 2147483647;
			files = (
			);
			runOnlyForDeploymentPostprocessing = 0;
		};
		53543D32244B77BD000DCE52 /* Frameworks */ = {
			isa = PBXFrameworksBuildPhase;
			buildActionMask = 2147483647;
			files = (
			);
			runOnlyForDeploymentPostprocessing = 0;
		};
/* End PBXFrameworksBuildPhase section */

/* Begin PBXGroup section */
		53543D16244B77BA000DCE52 = {
			isa = PBXGroup;
			children = (
				53543D21244B77BA000DCE52 /* poc */,
				53543D38244B77BD000DCE52 /* pocTests */,
				53543D20244B77BA000DCE52 /* Products */,
			);
			sourceTree = "<group>";
		};
		53543D20244B77BA000DCE52 /* Products */ = {
			isa = PBXGroup;
			children = (
				53543D1F244B77BA000DCE52 /* poc.app */,
				53543D35244B77BD000DCE52 /* pocTests.xctest */,
			);
			name = Products;
			sourceTree = "<group>";
		};
		53543D21244B77BA000DCE52 /* poc */ = {
			isa = PBXGroup;
			children = (
				53543D22244B77BA000DCE52 /* AppDelegate.swift */,
				53543D24244B77BA000DCE52 /* SceneDelegate.swift */,
				53543D26244B77BA000DCE52 /* ViewController.swift */,
				53543D28244B77BA000DCE52 /* Main.storyboard */,
				53543D2B244B77BD000DCE52 /* Assets.xcassets */,
				53543D2D244B77BD000DCE52 /* LaunchScreen.storyboard */,
				53543D30244B77BD000DCE52 /* Info.plist */,
			);
			path = poc;
			sourceTree = "<group>";
		};
		53543D38244B77BD000DCE52 /* pocTests */ = {
			isa = PBXGroup;
			children = (
				53543D39244B77BD000DCE52 /* pocTests.swift */,
				53543D3B244B77BD000DCE52 /* Info.plist */,
			);
			path = pocTests;
			sourceTree = "<group>";
		};
/* End PBXGroup section */

/* Begin PBXNativeTarget section */
		53543D1E244B77BA000DCE52 /* poc */ = {
			isa = PBXNativeTarget;
			buildConfigurationList = 53543D3E244B77BD000DCE52 /* Build configuration list for PBXNativeTarget "poc" */;
			buildPhases = (
				53543D1B244B77BA000DCE52 /* Sources */,
				53543D1C244B77BA000DCE52 /* Frameworks */,
				53543D1D244B77BA000DCE52 /* Resources */,
			);
			buildRules = (
			);
			dependencies = (
			);
			name = poc;
			productName = poc;
			productReference = 53543D1F244B77BA000DCE52 /* poc.app */;
			productType = "com.apple.product-type.application";
		};
		53543D34244B77BD000DCE52 /* pocTests */ = {
			isa = PBXNativeTarget;
			buildConfigurationList = 53543D41244B77BD000DCE52 /* Build configuration list for PBXNativeTarget "pocTests" */;
			buildPhases = (
				53543D31244B77BD000DCE52 /* Sources */,
				53543D32244B77BD000DCE52 /* Frameworks */,
				53543D33244B77BD000DCE52 /* Resources */,
			);
			buildRules = (
			);
			dependencies = (
				53543D37244B77BD000DCE52 /* PBXTargetDependency */,
			);
			name = pocTests;
			productName = pocTests;
			productReference = 53543D35244B77BD000DCE52 /* pocTests.xctest */;
			productType = "com.apple.product-type.bundle.unit-test";
		};
/* End PBXNativeTarget section */

/* Begin PBXProject section */
		53543D17244B77BA000DCE52 /* Project object */ = {
			isa = PBXProject;
			attributes = {
				LastSwiftUpdateCheck = 1130;
				LastUpgradeCheck = 1130;
				ORGANIZATIONNAME = Salaheddine;
				TargetAttributes = {
					53543D1E244B77BA000DCE52 = {
						CreatedOnToolsVersion = 11.3.1;
					};
					53543D34244B77BD000DCE52 = {
						CreatedOnToolsVersion = 11.3.1;
						TestTargetID = 53543D1E244B77BA000DCE52;
					};
				};
			};
			buildConfigurationList = 53543D1A244B77BA000DCE52 /* Build configuration list for PBXProject "poc" */;
			compatibilityVersion = "Xcode 9.3";
			developmentRegion = en;
			hasScannedForEncodings = 0;
			knownRegions = (
				en,
				Base,
			);
			mainGroup = 53543D16244B77BA000DCE52;
			productRefGroup = 53543D20244B77BA000DCE52 /* Products */;
			projectDirPath = "";
			projectRoot = "";
			targets = (
				53543D1E244B77BA000DCE52 /* poc */,
				53543D34244B77BD000DCE52 /* pocTests */,
			);
		};
/* End PBXProject section */

/* Begin PBXResourcesBuildPhase section */
		53543D1D244B77BA000DCE52 /* Resources */ = {
			isa = PBXResourcesBuildPhase;
			buildActionMask = 2147483647;
			files = (
				53543D2F244B77BD000DCE52 /* LaunchScreen.storyboard in Resources */,
				53543D2C244B77BD000DCE52 /* Assets.xcassets in Resources */,
				53543D2A244B77BA000DCE52 /* Main.storyboard in Resources */,
			);
			runOnlyForDeploymentPostprocessing = 0;
		};
		53543D33244B77BD000DCE52 /* Resources */ = {
			isa = PBXResourcesBuildPhase;
			buildActionMask = 2147483647;
			files = (
			);
			runOnlyForDeploymentPostprocessing = 0;
		};
/* End PBXResourcesBuildPhase section */

/* Begin PBXSourcesBuildPhase section */
		53543D1B244B77BA000DCE52 /* Sources */ = {
			isa = PBXSourcesBuildPhase;
			buildActionMask = 2147483647;
			files = (
				53543D27244B77BA000DCE52 /* ViewController.swift in Sources */,
				53543D23244B77BA000DCE52 /* AppDelegate.swift in Sources */,
				53543D25244B77BA000DCE52 /* SceneDelegate.swift in Sources */,
			);
			runOnlyForDeploymentPostprocessing = 0;
		};
		53543D31244B77BD000DCE52 /* Sources */ = {
			isa = PBXSourcesBuildPhase;
			buildActionMask = 2147483647;
			files = (
				53543D3A244B77BD000DCE52 /* pocTests.swift in Sources */,
			);
			runOnlyForDeploymentPostprocessing = 0;
		};
/* End PBXSourcesBuildPhase section */

/* Begin PBXTargetDependency section */
		53543D37244B77BD000DCE52 /* PBXTargetDependency */ = {
			isa = PBXTargetDependency;
			target = 53543D1E244B77BA000DCE52 /* poc */;
			targetProxy = 53543D36244B77BD000DCE52 /* PBXContainerItemProxy */;
		};
/* End PBXTargetDependency section */

/* Begin PBXVariantGroup section */
		53543D28244B77BA000DCE52 /* Main.storyboard */ = {
			isa = PBXVariantGroup;
			children = (
				53543D29244B77BA000DCE52 /* Base */,
			);
			name = Main.storyboard;
			sourceTree = "<group>";
		};
		53543D2D244B77BD000DCE52 /* LaunchScreen.storyboard */ = {
			isa = PBXVariantGroup;
			children = (
				53543D2E244B77BD000DCE52 /* Base */,
			);
			name = LaunchScreen.storyboard;
			sourceTree = "<group>";
		};
/* End PBXVariantGroup section */

/* Begin XCBuildConfiguration section */
		53543D3C244B77BD000DCE52 /* Debug */ = {
			isa = XCBuildConfiguration;
			buildSettings = {
				ALWAYS_SEARCH_USER_PATHS = NO;
				CLANG_ANALYZER_NONNULL = YES;
				CLANG_ANALYZER_NUMBER_OBJECT_CONVERSION = YES_AGGRESSIVE;
				CLANG_CXX_LANGUAGE_STANDARD = "gnu++14";
				CLANG_CXX_LIBRARY = "libc++";
				CLANG_ENABLE_MODULES = YES;
				CLANG_ENABLE_OBJC_ARC = YES;
				CLANG_ENABLE_OBJC_WEAK = YES;
				CLANG_WARN_BLOCK_CAPTURE_AUTORELEASING = YES;
				CLANG_WARN_BOOL_CONVERSION = YES;
				CLANG_WARN_COMMA = YES;
				CLANG_WARN_CONSTANT_CONVERSION = YES;
				CLANG_WARN_DEPRECATED_OBJC_IMPLEMENTATIONS = YES;
				CLANG_WARN_DIRECT_OBJC_ISA_USAGE = YES_ERROR;
				CLANG_WARN_DOCUMENTATION_COMMENTS = YES;
				CLANG_WARN_EMPTY_BODY = YES;
				CLANG_WARN_ENUM_CONVERSION = YES;
				CLANG_WARN_INFINITE_RECURSION = YES;
				CLANG_WARN_INT_CONVERSION = YES;
				CLANG_WARN_NON_LITERAL_NULL_CONVERSION = YES;
				CLANG_WARN_OBJC_IMPLICIT_RETAIN_SELF = YES;
				CLANG_WARN_OBJC_LITERAL_CONVERSION = YES;
				CLANG_WARN_OBJC_ROOT_CLASS = YES_ERROR;
				CLANG_WARN_RANGE_LOOP_ANALYSIS = YES;
				CLANG_WARN_STRICT_PROTOTYPES = YES;
				CLANG_WARN_SUSPICIOUS_MOVE = YES;
				CLANG_WARN_UNGUARDED_AVAILABILITY = YES_AGGRESSIVE;
				CLANG_WARN_UNREACHABLE_CODE = YES;
				CLANG_WARN__DUPLICATE_METHOD_MATCH = YES;
				COPY_PHASE_STRIP = NO;
				DEBUG_INFORMATION_FORMAT = dwarf;
				ENABLE_STRICT_OBJC_MSGSEND = YES;
				ENABLE_TESTABILITY = YES;
				GCC_C_LANGUAGE_STANDARD = gnu11;
				GCC_DYNAMIC_NO_PIC = NO;
				GCC_NO_COMMON_BLOCKS = YES;
				GCC_OPTIMIZATION_LEVEL = 0;
				GCC_PREPROCESSOR_DEFINITIONS = (
					"DEBUG=1",
					"$(inherited)",
				);
				GCC_WARN_64_TO_32_BIT_CONVERSION = YES;
				GCC_WARN_ABOUT_RETURN_TYPE = YES_ERROR;
				GCC_WARN_UNDECLARED_SELECTOR = YES;
				GCC_WARN_UNINITIALIZED_AUTOS = YES_AGGRESSIVE;
				GCC_WARN_UNUSED_FUNCTION = YES;
				GCC_WARN_UNUSED_VARIABLE = YES;
				IPHONEOS_DEPLOYMENT_TARGET = 13.2;
				MTL_ENABLE_DEBUG_INFO = INCLUDE_SOURCE;
				MTL_FAST_MATH = YES;
				ONLY_ACTIVE_ARCH = YES;
				SDKROOT = iphoneos;
				SWIFT_ACTIVE_COMPILATION_CONDITIONS = DEBUG;
				SWIFT_OPTIMIZATION_LEVEL = "-Onone";
			};
			name = Debug;
		};
		53543D3D244B77BD000DCE52 /* Release */ = {
			isa = XCBuildConfiguration;
			buildSettings = {
				ALWAYS_SEARCH_USER_PATHS = NO;
				CLANG_ANALYZER_NONNULL = YES;
				CLANG_ANALYZER_NUMBER_OBJECT_CONVERSION = YES_AGGRESSIVE;
				CLANG_CXX_LANGUAGE_STANDARD = "gnu++14";
				CLANG_CXX_LIBRARY = "libc++";
				CLANG_ENABLE_MODULES = YES;
				CLANG_ENABLE_OBJC_ARC = YES;
				CLANG_ENABLE_OBJC_WEAK = YES;
				CLANG_WARN_BLOCK_CAPTURE_AUTORELEASING = YES;
				CLANG_WARN_BOOL_CONVERSION = YES;
				CLANG_WARN_COMMA = YES;
				CLANG_WARN_CONSTANT_CONVERSION = YES;
				CLANG_WARN_DEPRECATED_OBJC_IMPLEMENTATIONS = YES;
				CLANG_WARN_DIRECT_OBJC_ISA_USAGE = YES_ERROR;
				CLANG_WARN_DOCUMENTATION_COMMENTS = YES;
				CLANG_WARN_EMPTY_BODY = YES;
				CLANG_WARN_ENUM_CONVERSION = YES;
				CLANG_WARN_INFINITE_RECURSION = YES;
				CLANG_WARN_INT_CONVERSION = YES;
				CLANG_WARN_NON_LITERAL_NULL_CONVERSION = YES;
				CLANG_WARN_OBJC_IMPLICIT_RETAIN_SELF = YES;
				CLANG_WARN_OBJC_LITERAL_CONVERSION = YES;
				CLANG_WARN_OBJC_ROOT_CLASS = YES_ERROR;
				CLANG_WARN_RANGE_LOOP_ANALYSIS = YES;
				CLANG_WARN_STRICT_PROTOTYPES = YES;
				CLANG_WARN_SUSPICIOUS_MOVE = YES;
				CLANG_WARN_UNGUARDED_AVAILABILITY = YES_AGGRESSIVE;
				CLANG_WARN_UNREACHABLE_CODE = YES;
				CLANG_WARN__DUPLICATE_METHOD_MATCH = YES;
				COPY_PHASE_STRIP = NO;
				DEBUG_INFORMATION_FORMAT = "dwarf-with-dsym";
				ENABLE_NS_ASSERTIONS = NO;
				ENABLE_STRICT_OBJC_MSGSEND = YES;
				GCC_C_LANGUAGE_STANDARD = gnu11;
				GCC_NO_COMMON_BLOCKS = YES;
				GCC_WARN_64_TO_32_BIT_CONVERSION = YES;
				GCC_WARN_ABOUT_RETURN_TYPE = YES_ERROR;
				GCC_WARN_UNDECLARED_SELECTOR = YES;
				GCC_WARN_UNINITIALIZED_AUTOS = YES_AGGRESSIVE;
				GCC_WARN_UNUSED_FUNCTION = YES;
				GCC_WARN_UNUSED_VARIABLE = YES;
				IPHONEOS_DEPLOYMENT_TARGET = 13.2;
				MTL_ENABLE_DEBUG_INFO = NO;
				MTL_FAST_MATH = YES;
				SDKROOT = iphoneos;
				SWIFT_COMPILATION_MODE = wholemodule;
				SWIFT_OPTIMIZATION_LEVEL = "-O";
				VALIDATE_PRODUCT = YES;
			};
			name = Release;
		};
		53543D3F244B77BD000DCE52 /* Debug */ = {
			isa = XCBuildConfiguration;
			buildSettings = {
				ASSETCATALOG_COMPILER_APPICON_NAME = AppIcon;
				CODE_SIGN_STYLE = Automatic;
				DEVELOPMENT_TEAM = USQ62A3B6X;
				INFOPLIST_FILE = poc/Info.plist;
				LD_RUNPATH_SEARCH_PATHS = (
					"$(inherited)",
					"@executable_path/Frameworks",
				);
				PRODUCT_BUNDLE_IDENTIFIER = com.salaheddine.poc;
				PRODUCT_NAME = "$(TARGET_NAME)";
				SWIFT_VERSION = 5.0;
				TARGETED_DEVICE_FAMILY = "1,2";
			};
			name = Debug;
		};
		53543D40244B77BD000DCE52 /* Release */ = {
			isa = XCBuildConfiguration;
			buildSettings = {
				ASSETCATALOG_COMPILER_APPICON_NAME = AppIcon;
				CODE_SIGN_STYLE = Automatic;
				DEVELOPMENT_TEAM = USQ62A3B6X;
				INFOPLIST_FILE = poc/Info.plist;
				LD_RUNPATH_SEARCH_PATHS = (
					"$(inherited)",
					"@executable_path/Frameworks",
				);
				PRODUCT_BUNDLE_IDENTIFIER = com.salaheddine.poc;
				PRODUCT_NAME = "$(TARGET_NAME)";
				SWIFT_VERSION = 5.0;
				TARGETED_DEVICE_FAMILY = "1,2";
			};
			name = Release;
		};
		53543D42244B77BD000DCE52 /* Debug */ = {
			isa = XCBuildConfiguration;
			buildSettings = {
				ALWAYS_EMBED_SWIFT_STANDARD_LIBRARIES = YES;
				BUNDLE_LOADER = "$(TEST_HOST)";
				CODE_SIGN_STYLE = Automatic;
				DEVELOPMENT_TEAM = USQ62A3B6X;
				INFOPLIST_FILE = pocTests/Info.plist;
				IPHONEOS_DEPLOYMENT_TARGET = 13.2;
				LD_RUNPATH_SEARCH_PATHS = (
					"$(inherited)",
					"@executable_path/Frameworks",
					"@loader_path/Frameworks",
				);
				PRODUCT_BUNDLE_IDENTIFIER = com.salaheddine.pocTests;
				PRODUCT_NAME = "$(TARGET_NAME)";
				SWIFT_VERSION = 5.0;
				TARGETED_DEVICE_FAMILY = "1,2";
				TEST_HOST = "$(BUILT_PRODUCTS_DIR)/poc.app/poc";
			};
			name = Debug;
		};
		53543D43244B77BD000DCE52 /* Release */ = {
			isa = XCBuildConfiguration;
			buildSettings = {
				ALWAYS_EMBED_SWIFT_STANDARD_LIBRARIES = YES;
				BUNDLE_LOADER = "$(TEST_HOST)";
				CODE_SIGN_STYLE = Automatic;
				DEVELOPMENT_TEAM = USQ62A3B6X;
				INFOPLIST_FILE = pocTests/Info.plist;
				IPHONEOS_DEPLOYMENT_TARGET = 13.2;
				LD_RUNPATH_SEARCH_PATHS = (
					"$(inherited)",
					"@executable_path/Frameworks",
					"@loader_path/Frameworks",
				);
				PRODUCT_BUNDLE_IDENTIFIER = com.salaheddine.pocTests;
				PRODUCT_NAME = "$(TARGET_NAME)";
				SWIFT_VERSION = 5.0;
				TARGETED_DEVICE_FAMILY = "1,2";
				TEST_HOST = "$(BUILT_PRODUCTS_DIR)/poc.app/poc";
			};
			name = Release;
		};
/* End XCBuildConfiguration section */

/* Begin XCConfigurationList section */
		53543D1A244B77BA000DCE52 /* Build configuration list for PBXProject "poc" */ = {
			isa = XCConfigurationList;
			buildConfigurations = (
				53543D3C244B77BD000DCE52 /* Debug */,
				53543D3D244B77BD000DCE52 /* Release */,
			);
			defaultConfigurationIsVisible = 0;
			defaultConfigurationName = Release;
		};
		53543D3E244B77BD000DCE52 /* Build configuration list for PBXNativeTarget "poc" */ = {
			isa = XCConfigurationList;
			buildConfigurations = (
				53543D3F244B77BD000DCE52 /* Debug */,
				53543D40244B77BD000DCE52 /* Release */,
			);
			defaultConfigurationIsVisible = 0;
			defaultConfigurationName = Release;
		};
		53543D41244B77BD000DCE52 /* Build configuration list for PBXNativeTarget "pocTests" */ = {
			isa = XCConfigurationList;
			buildConfigurations = (
				53543D42244B77BD000DCE52 /* Debug */,
				53543D43244B77BD000DCE52 /* Release */,
			);
			defaultConfigurationIsVisible = 0;
			defaultConfigurationName = Release;
		};
/* End XCConfigurationList section */
	};
	rootObject = 53543D17244B77BA000DCE52 /* Project object */;
}
